
Microsoft Visual Studio Solution File, Format Version 12.00
Project("{FAE04EC0-301F-11D3-BF4B-00C04F79EFBC}") = "RememberBot.TelegramWorker", "src\RememberBot.TelegramWorker\RememberBot.TelegramWorker.csproj", "{5790002A-C5DF-42BC-8840-4ECD18E56954}"
EndProject
Project("{FAE04EC0-301F-11D3-BF4B-00C04F79EFBC}") = "RememberBot.Kernel", "src\RememberBot.Kernel\RememberBot.Kernel.csproj", "{73D0254D-B3CE-4125-BEEA-60ED571CF09A}"
EndProject
Project("{FAE04EC0-301F-11D3-BF4B-00C04F79EFBC}") = "RememberBot.UnitTest", "src\RememberBot.UnitTest\RememberBot.UnitTest.csproj", "{93632FAC-822A-430D-8BD7-BBDBC9A47C0B}"
EndProject
Global
	GlobalSection(SolutionConfigurationPlatforms) = preSolution
		Debug|Any CPU = Debug|Any CPU
		Release|Any CPU = Release|Any CPU
	EndGlobalSection
	GlobalSection(ProjectConfigurationPlatforms) = postSolution
		{5790002A-C5DF-42BC-8840-4ECD18E56954}.Debug|Any CPU.ActiveCfg = Debug|Any CPU
		{5790002A-C5DF-42BC-8840-4ECD18E56954}.Debug|Any CPU.Build.0 = Debug|Any CPU
		{5790002A-C5DF-42BC-8840-4ECD18E56954}.Release|Any CPU.ActiveCfg = Release|Any CPU
		{5790002A-C5DF-42BC-8840-4ECD18E56954}.Release|Any CPU.Build.0 = Release|Any CPU
		{73D0254D-B3CE-4125-BEEA-60ED571CF09A}.Debug|Any CPU.ActiveCfg = Debug|Any CPU
		{73D0254D-B3CE-4125-BEEA-60ED571CF09A}.Debug|Any CPU.Build.0 = Debug|Any CPU
		{73D0254D-B3CE-4125-BEEA-60ED571CF09A}.Release|Any CPU.ActiveCfg = Release|Any CPU
		{73D0254D-B3CE-4125-BEEA-60ED571CF09A}.Release|Any CPU.Build.0 = Release|Any CPU
		{93632FAC-822A-430D-8BD7-BBDBC9A47C0B}.Debug|Any CPU.ActiveCfg = Debug|Any CPU
		{93632FAC-822A-430D-8BD7-BBDBC9A47C0B}.Debug|Any CPU.Build.0 = Debug|Any CPU
		{93632FAC-822A-430D-8BD7-BBDBC9A47C0B}.Release|Any CPU.ActiveCfg = Release|Any CPU
		{93632FAC-822A-430D-8BD7-BBDBC9A47C0B}.Release|Any CPU.Build.0 = Release|Any CPU
	EndGlobalSection
EndGlobal
